
Microsoft Visual Studio Solution File, Format Version 12.00
# Visual Studio Version 17
VisualStudioVersion = 17.6.33723.286
MinimumVisualStudioVersion = 10.0.40219.1
Project("{9A19103F-16F7-4668-BE54-9A1E7A4F7556}") = "UdemyAula", "UdemyAula\UdemyAula.csproj", "{0AB11BC6-A72F-4A59-B1AC-D145142F298C}"
EndProject
Project("{9A19103F-16F7-4668-BE54-9A1E7A4F7556}") = "Testes", "Testes\Testes.csproj", "{13CDFF64-1D3C-433E-9AF8-71259FBF292E}"
EndProject
Project("{9A19103F-16F7-4668-BE54-9A1E7A4F7556}") = "ex_classes", "classe\ex_classes.csproj", "{DA212AEE-3365-4032-BDEC-A9D1919D2616}"
EndProject
Project("{9A19103F-16F7-4668-BE54-9A1E7A4F7556}") = "Course", "Course\Course.csproj", "{D04F97A6-2249-499E-B3B2-84C662879579}"
EndProject
Project("{9A19103F-16F7-4668-BE54-9A1E7A4F7556}") = "ExSec5", "ExSec5\ExSec5.csproj", "{B472207F-B6D7-4C30-BD6F-F10F2CEAE049}"
EndProject
Project("{9A19103F-16F7-4668-BE54-9A1E7A4F7556}") = "Sec6", "Sec6\Sec6.csproj", "{13FB8965-98E9-497E-9FCB-D123A708082C}"
EndProject
Project("{9A19103F-16F7-4668-BE54-9A1E7A4F7556}") = "Vector", "Vector\Vector.csproj", "{C35A23E7-D18F-43F7-89CD-5BCBF6B2DECA}"
EndProject
Project("{9A19103F-16F7-4668-BE54-9A1E7A4F7556}") = "ExVect", "ExVect\ExVect.csproj", "{73FAC736-E5E3-46D4-BFA2-23329A13F851}"
EndProject
Project("{9A19103F-16F7-4668-BE54-9A1E7A4F7556}") = "Lists", "Lists\Lists.csproj", "{174BA4D2-72E5-475B-96FA-7C42AD4B5C63}"
EndProject
Project("{9A19103F-16F7-4668-BE54-9A1E7A4F7556}") = "ExFixList", "ExFixList\ExFixList.csproj", "{3C2B8004-6E98-440B-BE60-AFC0816B9E52}"
EndProject
Project("{9A19103F-16F7-4668-BE54-9A1E7A4F7556}") = "Matriz", "Matriz\Matriz.csproj", "{44B264E0-8C85-4438-9C79-92B10250ED02}"
EndProject
Project("{9A19103F-16F7-4668-BE54-9A1E7A4F7556}") = "MatEx", "MatEx\MatEx.csproj", "{DF7818E5-BA9E-487A-82B7-2FC8DEF99B60}"
EndProject
Project("{9A19103F-16F7-4668-BE54-9A1E7A4F7556}") = "Var", "Var\Var.csproj", "{67D7B8AB-8081-4A74-B71F-A22D6159F74C}"
EndProject
Project("{9A19103F-16F7-4668-BE54-9A1E7A4F7556}") = "Datetime", "DateTime\Datetime.csproj", "{0B14A74A-E600-4D64-AAD0-10BCF98F8626}"
EndProject
Project("{FAE04EC0-301F-11D3-BF4B-00C04F79EFBC}") = "Enum", "Enum\Enum.csproj", "{F7EF069E-2071-473A-AB03-30033B68DEAC}"
EndProject
Project("{FAE04EC0-301F-11D3-BF4B-00C04F79EFBC}") = "ExResEnum", "ExResEnum\ExResEnum.csproj", "{504DD683-7E06-49CC-80F7-7822AEC2BF5E}"
EndProject
Project("{FAE04EC0-301F-11D3-BF4B-00C04F79EFBC}") = "ExRes2Enum", "ExRes2Enum\ExRes2Enum.csproj", "{7181EC40-C4B9-4E68-BEDE-05E59EFD7E6A}"
EndProject
Project("{FAE04EC0-301F-11D3-BF4B-00C04F79EFBC}") = "ExPropEnum", "ExPropEnum\ExPropEnum.csproj", "{FA85BD14-C0E3-442A-922C-CD40C5361385}"
EndProject
Global
	GlobalSection(SolutionConfigurationPlatforms) = preSolution
		Debug|Any CPU = Debug|Any CPU
		Release|Any CPU = Release|Any CPU
	EndGlobalSection
	GlobalSection(ProjectConfigurationPlatforms) = postSolution
		{0AB11BC6-A72F-4A59-B1AC-D145142F298C}.Debug|Any CPU.ActiveCfg = Debug|Any CPU
		{0AB11BC6-A72F-4A59-B1AC-D145142F298C}.Debug|Any CPU.Build.0 = Debug|Any CPU
		{0AB11BC6-A72F-4A59-B1AC-D145142F298C}.Release|Any CPU.ActiveCfg = Release|Any CPU
		{0AB11BC6-A72F-4A59-B1AC-D145142F298C}.Release|Any CPU.Build.0 = Release|Any CPU
		{13CDFF64-1D3C-433E-9AF8-71259FBF292E}.Debug|Any CPU.ActiveCfg = Debug|Any CPU
		{13CDFF64-1D3C-433E-9AF8-71259FBF292E}.Debug|Any CPU.Build.0 = Debug|Any CPU
		{13CDFF64-1D3C-433E-9AF8-71259FBF292E}.Release|Any CPU.ActiveCfg = Release|Any CPU
		{13CDFF64-1D3C-433E-9AF8-71259FBF292E}.Release|Any CPU.Build.0 = Release|Any CPU
		{DA212AEE-3365-4032-BDEC-A9D1919D2616}.Debug|Any CPU.ActiveCfg = Debug|Any CPU
		{DA212AEE-3365-4032-BDEC-A9D1919D2616}.Debug|Any CPU.Build.0 = Debug|Any CPU
		{DA212AEE-3365-4032-BDEC-A9D1919D2616}.Release|Any CPU.ActiveCfg = Release|Any CPU
		{DA212AEE-3365-4032-BDEC-A9D1919D2616}.Release|Any CPU.Build.0 = Release|Any CPU
		{D04F97A6-2249-499E-B3B2-84C662879579}.Debug|Any CPU.ActiveCfg = Debug|Any CPU
		{D04F97A6-2249-499E-B3B2-84C662879579}.Debug|Any CPU.Build.0 = Debug|Any CPU
		{D04F97A6-2249-499E-B3B2-84C662879579}.Release|Any CPU.ActiveCfg = Release|Any CPU
		{D04F97A6-2249-499E-B3B2-84C662879579}.Release|Any CPU.Build.0 = Release|Any CPU
		{B472207F-B6D7-4C30-BD6F-F10F2CEAE049}.Debug|Any CPU.ActiveCfg = Debug|Any CPU
		{B472207F-B6D7-4C30-BD6F-F10F2CEAE049}.Debug|Any CPU.Build.0 = Debug|Any CPU
		{B472207F-B6D7-4C30-BD6F-F10F2CEAE049}.Release|Any CPU.ActiveCfg = Release|Any CPU
		{B472207F-B6D7-4C30-BD6F-F10F2CEAE049}.Release|Any CPU.Build.0 = Release|Any CPU
		{13FB8965-98E9-497E-9FCB-D123A708082C}.Debug|Any CPU.ActiveCfg = Debug|Any CPU
		{13FB8965-98E9-497E-9FCB-D123A708082C}.Debug|Any CPU.Build.0 = Debug|Any CPU
		{13FB8965-98E9-497E-9FCB-D123A708082C}.Release|Any CPU.ActiveCfg = Release|Any CPU
		{13FB8965-98E9-497E-9FCB-D123A708082C}.Release|Any CPU.Build.0 = Release|Any CPU
		{C35A23E7-D18F-43F7-89CD-5BCBF6B2DECA}.Debug|Any CPU.ActiveCfg = Debug|Any CPU
		{C35A23E7-D18F-43F7-89CD-5BCBF6B2DECA}.Debug|Any CPU.Build.0 = Debug|Any CPU
		{C35A23E7-D18F-43F7-89CD-5BCBF6B2DECA}.Release|Any CPU.ActiveCfg = Release|Any CPU
		{C35A23E7-D18F-43F7-89CD-5BCBF6B2DECA}.Release|Any CPU.Build.0 = Release|Any CPU
		{73FAC736-E5E3-46D4-BFA2-23329A13F851}.Debug|Any CPU.ActiveCfg = Debug|Any CPU
		{73FAC736-E5E3-46D4-BFA2-23329A13F851}.Debug|Any CPU.Build.0 = Debug|Any CPU
		{73FAC736-E5E3-46D4-BFA2-23329A13F851}.Release|Any CPU.ActiveCfg = Release|Any CPU
		{73FAC736-E5E3-46D4-BFA2-23329A13F851}.Release|Any CPU.Build.0 = Release|Any CPU
		{174BA4D2-72E5-475B-96FA-7C42AD4B5C63}.Debug|Any CPU.ActiveCfg = Debug|Any CPU
		{174BA4D2-72E5-475B-96FA-7C42AD4B5C63}.Debug|Any CPU.Build.0 = Debug|Any CPU
		{174BA4D2-72E5-475B-96FA-7C42AD4B5C63}.Release|Any CPU.ActiveCfg = Release|Any CPU
		{174BA4D2-72E5-475B-96FA-7C42AD4B5C63}.Release|Any CPU.Build.0 = Release|Any CPU
		{3C2B8004-6E98-440B-BE60-AFC0816B9E52}.Debug|Any CPU.ActiveCfg = Debug|Any CPU
		{3C2B8004-6E98-440B-BE60-AFC0816B9E52}.Debug|Any CPU.Build.0 = Debug|Any CPU
		{3C2B8004-6E98-440B-BE60-AFC0816B9E52}.Release|Any CPU.ActiveCfg = Release|Any CPU
		{3C2B8004-6E98-440B-BE60-AFC0816B9E52}.Release|Any CPU.Build.0 = Release|Any CPU
		{44B264E0-8C85-4438-9C79-92B10250ED02}.Debug|Any CPU.ActiveCfg = Debug|Any CPU
		{44B264E0-8C85-4438-9C79-92B10250ED02}.Debug|Any CPU.Build.0 = Debug|Any CPU
		{44B264E0-8C85-4438-9C79-92B10250ED02}.Release|Any CPU.ActiveCfg = Release|Any CPU
		{44B264E0-8C85-4438-9C79-92B10250ED02}.Release|Any CPU.Build.0 = Release|Any CPU
		{DF7818E5-BA9E-487A-82B7-2FC8DEF99B60}.Debug|Any CPU.ActiveCfg = Debug|Any CPU
		{DF7818E5-BA9E-487A-82B7-2FC8DEF99B60}.Debug|Any CPU.Build.0 = Debug|Any CPU
		{DF7818E5-BA9E-487A-82B7-2FC8DEF99B60}.Release|Any CPU.ActiveCfg = Release|Any CPU
		{DF7818E5-BA9E-487A-82B7-2FC8DEF99B60}.Release|Any CPU.Build.0 = Release|Any CPU
		{67D7B8AB-8081-4A74-B71F-A22D6159F74C}.Debug|Any CPU.ActiveCfg = Debug|Any CPU
		{67D7B8AB-8081-4A74-B71F-A22D6159F74C}.Debug|Any CPU.Build.0 = Debug|Any CPU
		{67D7B8AB-8081-4A74-B71F-A22D6159F74C}.Release|Any CPU.ActiveCfg = Release|Any CPU
		{67D7B8AB-8081-4A74-B71F-A22D6159F74C}.Release|Any CPU.Build.0 = Release|Any CPU
		{0B14A74A-E600-4D64-AAD0-10BCF98F8626}.Debug|Any CPU.ActiveCfg = Debug|Any CPU
		{0B14A74A-E600-4D64-AAD0-10BCF98F8626}.Debug|Any CPU.Build.0 = Debug|Any CPU
		{0B14A74A-E600-4D64-AAD0-10BCF98F8626}.Release|Any CPU.ActiveCfg = Release|Any CPU
		{0B14A74A-E600-4D64-AAD0-10BCF98F8626}.Release|Any CPU.Build.0 = Release|Any CPU
		{F7EF069E-2071-473A-AB03-30033B68DEAC}.Debug|Any CPU.ActiveCfg = Debug|Any CPU
		{F7EF069E-2071-473A-AB03-30033B68DEAC}.Debug|Any CPU.Build.0 = Debug|Any CPU
		{F7EF069E-2071-473A-AB03-30033B68DEAC}.Release|Any CPU.ActiveCfg = Release|Any CPU
		{F7EF069E-2071-473A-AB03-30033B68DEAC}.Release|Any CPU.Build.0 = Release|Any CPU
		{504DD683-7E06-49CC-80F7-7822AEC2BF5E}.Debug|Any CPU.ActiveCfg = Debug|Any CPU
		{504DD683-7E06-49CC-80F7-7822AEC2BF5E}.Debug|Any CPU.Build.0 = Debug|Any CPU
		{504DD683-7E06-49CC-80F7-7822AEC2BF5E}.Release|Any CPU.ActiveCfg = Release|Any CPU
		{504DD683-7E06-49CC-80F7-7822AEC2BF5E}.Release|Any CPU.Build.0 = Release|Any CPU
		{7181EC40-C4B9-4E68-BEDE-05E59EFD7E6A}.Debug|Any CPU.ActiveCfg = Debug|Any CPU
		{7181EC40-C4B9-4E68-BEDE-05E59EFD7E6A}.Debug|Any CPU.Build.0 = Debug|Any CPU
		{7181EC40-C4B9-4E68-BEDE-05E59EFD7E6A}.Release|Any CPU.ActiveCfg = Release|Any CPU
		{7181EC40-C4B9-4E68-BEDE-05E59EFD7E6A}.Release|Any CPU.Build.0 = Release|Any CPU
		{FA85BD14-C0E3-442A-922C-CD40C5361385}.Debug|Any CPU.ActiveCfg = Debug|Any CPU
		{FA85BD14-C0E3-442A-922C-CD40C5361385}.Debug|Any CPU.Build.0 = Debug|Any CPU
		{FA85BD14-C0E3-442A-922C-CD40C5361385}.Release|Any CPU.ActiveCfg = Release|Any CPU
		{FA85BD14-C0E3-442A-922C-CD40C5361385}.Release|Any CPU.Build.0 = Release|Any CPU
	EndGlobalSection
	GlobalSection(SolutionProperties) = preSolution
		HideSolutionNode = FALSE
	EndGlobalSection
	GlobalSection(ExtensibilityGlobals) = postSolution
		SolutionGuid = {56C84BDD-5696-49F2-AF8F-F24CF243BCAE}
	EndGlobalSection
EndGlobal
